{
  "nodes": {
    "agenix": {
      "inputs": {
        "darwin": "darwin",
        "home-manager": [
          "home-manager"
        ],
        "nixpkgs": [
          "nixpkgs"
        ],
        "systems": "systems"
      },
      "locked": {
        "lastModified": 1762618334,
        "narHash": "sha256-wyT7Pl6tMFbFrs8Lk/TlEs81N6L+VSybPfiIgzU8lbQ=",
        "owner": "ryantm",
        "repo": "agenix",
        "rev": "fcdea223397448d35d9b31f798479227e80183f6",
        "type": "github"
      },
      "original": {
        "owner": "ryantm",
        "repo": "agenix",
        "type": "github"
      }
    },
    "blueprint": {
      "inputs": {
        "nixpkgs": [
          "nixpkgs"
        ],
        "systems": "systems_2"
      },
      "locked": {
        "lastModified": 1767386128,
        "narHash": "sha256-BJDu7dIMauO2nYRSL4aI8wDNtEm2KOb7lDKP3hxdrpo=",
        "owner": "numtide",
        "repo": "blueprint",
        "rev": "0ed984d51a3031065925ab08812a5434f40b93d4",
        "type": "github"
      },
      "original": {
        "owner": "numtide",
        "repo": "blueprint",
        "type": "github"
      }
    },
    "comin": {
      "inputs": {
        "flake-compat": "flake-compat",
        "nixpkgs": [
          "nixpkgs"
        ]
      },
      "locked": {
        "lastModified": 1767852242,
        "narHash": "sha256-rdRskIePpjyo6cLG7Gdi84QrmFrtC7Y4AALQfgCoqcw=",
        "owner": "nlewo",
        "repo": "comin",
        "rev": "7c80beba79c90584e08757db9345e3d3ff044a4c",
        "type": "github"
      },
      "original": {
        "owner": "nlewo",
        "repo": "comin",
        "type": "github"
      }
    },
    "darwin": {
      "inputs": {
        "nixpkgs": [
          "agenix",
          "nixpkgs"
        ]
      },
      "locked": {
        "lastModified": 1744478979,
        "narHash": "sha256-dyN+teG9G82G+m+PX/aSAagkC+vUv0SgUw3XkPhQodQ=",
        "owner": "lnl7",
        "repo": "nix-darwin",
        "rev": "43975d782b418ebf4969e9ccba82466728c2851b",
        "type": "github"
      },
      "original": {
        "owner": "lnl7",
        "ref": "master",
        "repo": "nix-darwin",
        "type": "github"
      }
    },
    "doomemacs": {
      "flake": false,
      "locked": {
        "lastModified": 1767773143,
        "narHash": "sha256-QL/t9v2kFNxBDyNJb/s411o3mxujan+QX5IZglTdpTk=",
        "owner": "doomemacs",
        "repo": "doomemacs",
        "rev": "3e15fb36d7f94f0a218bda977be4d3f5da983a71",
        "type": "github"
      },
      "original": {
        "owner": "doomemacs",
        "repo": "doomemacs",
        "type": "github"
      }
    },
    "emacs-overlay": {
      "inputs": {
        "nixpkgs": [
          "nix-doom-emacs-unstraightened"
        ],
        "nixpkgs-stable": [
          "nix-doom-emacs-unstraightened"
        ]
      },
      "locked": {
        "lastModified": 1767861136,
        "narHash": "sha256-UHeo93CQYoEyNFTtO2eBEXPl1dWyGL6WoFSP/sNc91o=",
        "owner": "nix-community",
        "repo": "emacs-overlay",
        "rev": "d3c0627b5792cb9fcf9d6d6808756ecadd69bf9b",
        "type": "github"
      },
      "original": {
        "owner": "nix-community",
        "repo": "emacs-overlay",
        "type": "github"
      }
    },
    "flake-compat": {
      "flake": false,
      "locked": {
        "lastModified": 1765121682,
        "narHash": "sha256-4VBOP18BFeiPkyhy9o4ssBNQEvfvv1kXkasAYd0+rrA=",
        "owner": "NixOS",
        "repo": "flake-compat",
        "rev": "65f23138d8d09a92e30f1e5c87611b23ef451bf3",
        "type": "github"
      },
      "original": {
        "owner": "NixOS",
        "repo": "flake-compat",
        "type": "github"
      }
    },
    "home-manager": {
      "inputs": {
        "nixpkgs": [
          "nixpkgs"
        ]
      },
      "locked": {
        "lastModified": 1767930051,
        "narHash": "sha256-YXtqo8h5bAbqC64XAPMMsZdYk8XkwkyNj/7XOsIyVf8=",
        "owner": "nix-community",
        "repo": "home-manager",
        "rev": "297a08510894822ddd93ee2cfc66d6ac65a3cebb",
        "type": "github"
      },
      "original": {
        "owner": "nix-community",
        "repo": "home-manager",
        "type": "github"
      }
    },
    "nix-darwin": {
      "inputs": {
        "nixpkgs": [
          "nixpkgs"
        ]
      },
      "locked": {
        "lastModified": 1767718503,
        "narHash": "sha256-V+VkFs0aSG0ca8p/N3gib7FAf4cq9jyr5Gm+ZBrHQpo=",
        "owner": "LnL7",
        "repo": "nix-darwin",
        "rev": "9f48ffaca1f44b3e590976b4da8666a9e86e6eb1",
        "type": "github"
      },
      "original": {
        "owner": "LnL7",
        "repo": "nix-darwin",
        "type": "github"
      }
    },
    "nix-doom-emacs-unstraightened": {
      "inputs": {
        "doomemacs": "doomemacs",
        "emacs-overlay": "emacs-overlay",
        "nixpkgs": [],
        "systems": "systems_3"
      },
      "locked": {
        "lastModified": 1767862133,
        "narHash": "sha256-wxs62H8lxO+5FH+8JfJMwZyg4Yx3HwY67QSLwYi/olw=",
        "owner": "marienz",
        "repo": "nix-doom-emacs-unstraightened",
        "rev": "6337dd4ccf780724ea6e8adbf1c721fef7515ae3",
        "type": "github"
      },
      "original": {
        "owner": "marienz",
        "repo": "nix-doom-emacs-unstraightened",
        "type": "github"
      }
    },
    "nix-stable": {
      "locked": {
        "lastModified": 1767799921,
        "narHash": "sha256-r4GVX+FToWVE2My8VVZH4V0pTIpnu2ZE8/Z4uxGEMBE=",
        "owner": "NixOS",
        "repo": "nixpkgs",
        "rev": "d351d0653aeb7877273920cd3e823994e7579b0b",
        "type": "github"
      },
      "original": {
        "owner": "NixOS",
        "ref": "nixos-25.11",
        "repo": "nixpkgs",
        "type": "github"
      }
    },
    "nixpkgs": {
      "locked": {
        "lastModified": 1767767207,
        "narHash": "sha256-Mj3d3PfwltLmukFal5i3fFt27L6NiKXdBezC1EBuZs4=",
        "owner": "NixOS",
        "repo": "nixpkgs",
        "rev": "5912c1772a44e31bf1c63c0390b90501e5026886",
        "type": "github"
      },
      "original": {
        "owner": "NixOS",
        "ref": "nixos-unstable",
        "repo": "nixpkgs",
        "type": "github"
      }
    },
    "root": {
      "inputs": {
        "agenix": "agenix",
        "blueprint": "blueprint",
        "comin": "comin",
        "home-manager": "home-manager",
        "nix-darwin": "nix-darwin",
        "nix-doom-emacs-unstraightened": "nix-doom-emacs-unstraightened",
        "nix-stable": "nix-stable",
        "nixpkgs": "nixpkgs",
        "stefan-website": "stefan-website"
      }
    },
    "stefan-website": {
      "flake": false,
      "locked": {
        "lastModified": 1733991112,
        "narHash": "sha256-TpswTbqSP/O2VzIDDhzBEXTsCuLt1ds2dHjuQZjCfwQ=",
        "owner": "stefankeidel",
        "repo": "website",
        "rev": "35e16bd434c86c409f84085d6159c09320fb020b",
        "type": "github"
      },
      "original": {
        "owner": "stefankeidel",
        "repo": "website",
        "type": "github"
      }
    },
    "systems": {
      "locked": {
        "lastModified": 1681028828,
        "narHash": "sha256-Vy1rq5AaRuLzOxct8nz4T6wlgyUR7zLU309k9mBC768=",
        "owner": "nix-systems",
        "repo": "default",
        "rev": "da67096a3b9bf56a91d16901293e51ba5b49a27e",
        "type": "github"
      },
      "original": {
        "owner": "nix-systems",
        "repo": "default",
        "type": "github"
      }
    },
    "systems_2": {
      "locked": {
        "lastModified": 1681028828,
        "narHash": "sha256-Vy1rq5AaRuLzOxct8nz4T6wlgyUR7zLU309k9mBC768=",
        "owner": "nix-systems",
        "repo": "default",
        "rev": "da67096a3b9bf56a91d16901293e51ba5b49a27e",
        "type": "github"
      },
      "original": {
        "owner": "nix-systems",
        "repo": "default",
        "type": "github"
      }
    },
    "systems_3": {
      "locked": {
        "lastModified": 1681028828,
        "narHash": "sha256-Vy1rq5AaRuLzOxct8nz4T6wlgyUR7zLU309k9mBC768=",
        "owner": "nix-systems",
        "repo": "default",
        "rev": "da67096a3b9bf56a91d16901293e51ba5b49a27e",
        "type": "github"
      },
      "original": {
        "owner": "nix-systems",
        "repo": "default",
        "type": "github"
      }
    }
  },
  "root": "root",
  "version": 7
}
